
Microsoft Visual Studio Solution File, Format Version 12.00
# Visual Studio Version 17
VisualStudioVersion = 17.0.31903.59
MinimumVisualStudioVersion = 10.0.40219.1
Project("{FAE04EC0-301F-11D3-BF4B-00C04F79EFBC}") = "Corona_management", "Corona_management\Corona_management.csproj", "{AE51FD8F-CA9F-49A4-B95B-9BABE5A36ABB}"
EndProject
Project("{FAE04EC0-301F-11D3-BF4B-00C04F79EFBC}") = "Web_API", "Web_API\Web_API.csproj", "{FA90114E-F54D-4979-81E9-85FF82BB3897}"
EndProject
Project("{FAE04EC0-301F-11D3-BF4B-00C04F79EFBC}") = "Repositories", "Repositories\Repositories.csproj", "{B49A3904-AF21-41F1-990D-141CF83A1354}"
EndProject
Project("{FAE04EC0-301F-11D3-BF4B-00C04F79EFBC}") = "AppServices", "AppServices\AppServices.csproj", "{F1145B5F-8475-41D3-8DD6-8629EB71E5B6}"
EndProject
Project("{FAE04EC0-301F-11D3-BF4B-00C04F79EFBC}") = "Common", "Common\Common.csproj", "{EE45B893-E3E7-4DD0-ABA4-611CDA563489}"
EndProject
Global
	GlobalSection(SolutionConfigurationPlatforms) = preSolution
		Debug|Any CPU = Debug|Any CPU
		Release|Any CPU = Release|Any CPU
	EndGlobalSection
	GlobalSection(ProjectConfigurationPlatforms) = postSolution
		{AE51FD8F-CA9F-49A4-B95B-9BABE5A36ABB}.Debug|Any CPU.ActiveCfg = Debug|Any CPU
		{AE51FD8F-CA9F-49A4-B95B-9BABE5A36ABB}.Debug|Any CPU.Build.0 = Debug|Any CPU
		{AE51FD8F-CA9F-49A4-B95B-9BABE5A36ABB}.Release|Any CPU.ActiveCfg = Release|Any CPU
		{AE51FD8F-CA9F-49A4-B95B-9BABE5A36ABB}.Release|Any CPU.Build.0 = Release|Any CPU
		{FA90114E-F54D-4979-81E9-85FF82BB3897}.Debug|Any CPU.ActiveCfg = Debug|Any CPU
		{FA90114E-F54D-4979-81E9-85FF82BB3897}.Debug|Any CPU.Build.0 = Debug|Any CPU
		{FA90114E-F54D-4979-81E9-85FF82BB3897}.Release|Any CPU.ActiveCfg = Release|Any CPU
		{FA90114E-F54D-4979-81E9-85FF82BB3897}.Release|Any CPU.Build.0 = Release|Any CPU
		{B49A3904-AF21-41F1-990D-141CF83A1354}.Debug|Any CPU.ActiveCfg = Debug|Any CPU
		{B49A3904-AF21-41F1-990D-141CF83A1354}.Debug|Any CPU.Build.0 = Debug|Any CPU
		{B49A3904-AF21-41F1-990D-141CF83A1354}.Release|Any CPU.ActiveCfg = Release|Any CPU
		{B49A3904-AF21-41F1-990D-141CF83A1354}.Release|Any CPU.Build.0 = Release|Any CPU
		{F1145B5F-8475-41D3-8DD6-8629EB71E5B6}.Debug|Any CPU.ActiveCfg = Debug|Any CPU
		{F1145B5F-8475-41D3-8DD6-8629EB71E5B6}.Debug|Any CPU.Build.0 = Debug|Any CPU
		{F1145B5F-8475-41D3-8DD6-8629EB71E5B6}.Release|Any CPU.ActiveCfg = Release|Any CPU
		{F1145B5F-8475-41D3-8DD6-8629EB71E5B6}.Release|Any CPU.Build.0 = Release|Any CPU
		{EE45B893-E3E7-4DD0-ABA4-611CDA563489}.Debug|Any CPU.ActiveCfg = Debug|Any CPU
		{EE45B893-E3E7-4DD0-ABA4-611CDA563489}.Debug|Any CPU.Build.0 = Debug|Any CPU
		{EE45B893-E3E7-4DD0-ABA4-611CDA563489}.Release|Any CPU.ActiveCfg = Release|Any CPU
		{EE45B893-E3E7-4DD0-ABA4-611CDA563489}.Release|Any CPU.Build.0 = Release|Any CPU
	EndGlobalSection
	GlobalSection(SolutionProperties) = preSolution
		HideSolutionNode = FALSE
	EndGlobalSection
	GlobalSection(ExtensibilityGlobals) = postSolution
		SolutionGuid = {84596BB8-2DB8-41C7-B1BF-5906BEA38CBF}
	EndGlobalSection
EndGlobal
